// !$*UTF8*$!
{
	archiveVersion = 1;
	classes = {
	};
	objectVersion = 56;
	objects = {

/* Begin PBXBuildFile section */
		7309A53C2A2FD0690042711E /* App.swift in Sources */ = {isa = PBXBuildFile; fileRef = 7309A53B2A2FD0690042711E /* App.swift */; };
		7309A53E2A2FD0690042711E /* ContentView.swift in Sources */ = {isa = PBXBuildFile; fileRef = 7309A53D2A2FD0690042711E /* ContentView.swift */; };
		7309A5402A2FD06A0042711E /* Assets.xcassets in Resources */ = {isa = PBXBuildFile; fileRef = 7309A53F2A2FD06A0042711E /* Assets.xcassets */; };
		7309A5442A2FD06A0042711E /* Preview Assets.xcassets in Resources */ = {isa = PBXBuildFile; fileRef = 7309A5432A2FD06A0042711E /* Preview Assets.xcassets */; };
		7313258D2A3184CB0098467C /* TagsPage.swift in Sources */ = {isa = PBXBuildFile; fileRef = 7313258C2A3184CB0098467C /* TagsPage.swift */; };
		7377DA522A3272B2006D9F0B /* String+.swift in Sources */ = {isa = PBXBuildFile; fileRef = 7377DA512A3272B2006D9F0B /* String+.swift */; };
		738248DC2A51FA8000DC1E6C /* Navigation.swift in Sources */ = {isa = PBXBuildFile; fileRef = 738248DB2A51FA8000DC1E6C /* Navigation.swift */; };
		738248E52A5205CD00DC1E6C /* RimworldDocumentationKit in Resources */ = {isa = PBXBuildFile; fileRef = 738248E42A5205CD00DC1E6C /* RimworldDocumentationKit */; };
		738248E72A5205D500DC1E6C /* RimworldDocumentationKit in Frameworks */ = {isa = PBXBuildFile; productRef = 738248E62A5205D500DC1E6C /* RimworldDocumentationKit */; };
		738BC6FC2A317A2D009562AE /* ModulesPage.swift in Sources */ = {isa = PBXBuildFile; fileRef = 738BC6FB2A317A2D009562AE /* ModulesPage.swift */; };
		739E0B7D2A3177A000E27165 /* MetadataPage.swift in Sources */ = {isa = PBXBuildFile; fileRef = 739E0B7C2A3177A000E27165 /* MetadataPage.swift */; };
		73DF19422A317BBB0034EDB2 /* ClassesPage.swift in Sources */ = {isa = PBXBuildFile; fileRef = 73DF19412A317BBB0034EDB2 /* ClassesPage.swift */; };
/* End PBXBuildFile section */

/* Begin PBXFileReference section */
		7309A5382A2FD0690042711E /* RimworldDocumentationBrowser.app */ = {isa = PBXFileReference; explicitFileType = wrapper.application; includeInIndex = 0; path = RimworldDocumentationBrowser.app; sourceTree = BUILT_PRODUCTS_DIR; };
		7309A53B2A2FD0690042711E /* App.swift */ = {isa = PBXFileReference; lastKnownFileType = sourcecode.swift; path = App.swift; sourceTree = "<group>"; };
		7309A53D2A2FD0690042711E /* ContentView.swift */ = {isa = PBXFileReference; lastKnownFileType = sourcecode.swift; path = ContentView.swift; sourceTree = "<group>"; };
		7309A53F2A2FD06A0042711E /* Assets.xcassets */ = {isa = PBXFileReference; lastKnownFileType = folder.assetcatalog; path = Assets.xcassets; sourceTree = "<group>"; };
		7309A5412A2FD06A0042711E /* RimworldDocumentationBrowser.entitlements */ = {isa = PBXFileReference; lastKnownFileType = text.plist.entitlements; path = RimworldDocumentationBrowser.entitlements; sourceTree = "<group>"; };
		7309A5432A2FD06A0042711E /* Preview Assets.xcassets */ = {isa = PBXFileReference; lastKnownFileType = folder.assetcatalog; path = "Preview Assets.xcassets"; sourceTree = "<group>"; };
		7313258C2A3184CB0098467C /* TagsPage.swift */ = {isa = PBXFileReference; lastKnownFileType = sourcecode.swift; path = TagsPage.swift; sourceTree = "<group>"; };
		7377DA512A3272B2006D9F0B /* String+.swift */ = {isa = PBXFileReference; lastKnownFileType = sourcecode.swift; path = "String+.swift"; sourceTree = "<group>"; };
		738248DB2A51FA8000DC1E6C /* Navigation.swift */ = {isa = PBXFileReference; lastKnownFileType = sourcecode.swift; path = Navigation.swift; sourceTree = "<group>"; };
		738248E42A5205CD00DC1E6C /* RimworldDocumentationKit */ = {isa = PBXFileReference; lastKnownFileType = wrapper; path = RimworldDocumentationKit; sourceTree = "<group>"; };
		7383D2842A31754E00F9990A /* Info.plist */ = {isa = PBXFileReference; lastKnownFileType = text.plist; path = Info.plist; sourceTree = "<group>"; };
		738BC6FB2A317A2D009562AE /* ModulesPage.swift */ = {isa = PBXFileReference; lastKnownFileType = sourcecode.swift; path = ModulesPage.swift; sourceTree = "<group>"; };
		739E0B7C2A3177A000E27165 /* MetadataPage.swift */ = {isa = PBXFileReference; lastKnownFileType = sourcecode.swift; path = MetadataPage.swift; sourceTree = "<group>"; };
		73DF19412A317BBB0034EDB2 /* ClassesPage.swift */ = {isa = PBXFileReference; lastKnownFileType = sourcecode.swift; path = ClassesPage.swift; sourceTree = "<group>"; };
/* End PBXFileReference section */

/* Begin PBXFrameworksBuildPhase section */
		7309A5352A2FD0690042711E /* Frameworks */ = {
			isa = PBXFrameworksBuildPhase;
			buildActionMask = 2147483647;
			files = (
				738248E72A5205D500DC1E6C /* RimworldDocumentationKit in Frameworks */,
			);
			runOnlyForDeploymentPostprocessing = 0;
		};
/* End PBXFrameworksBuildPhase section */

/* Begin PBXGroup section */
		7309A52F2A2FD0690042711E = {
			isa = PBXGroup;
			children = (
				738248E42A5205CD00DC1E6C /* RimworldDocumentationKit */,
				7309A53A2A2FD0690042711E /* RimworldDocumentationBrowser */,
				7309A5392A2FD0690042711E /* Products */,
				7383D27C2A316EE800F9990A /* Frameworks */,
			);
			sourceTree = "<group>";
		};
		7309A5392A2FD0690042711E /* Products */ = {
			isa = PBXGroup;
			children = (
				7309A5382A2FD0690042711E /* RimworldDocumentationBrowser.app */,
			);
			name = Products;
			sourceTree = "<group>";
		};
		7309A53A2A2FD0690042711E /* RimworldDocumentationBrowser */ = {
			isa = PBXGroup;
			children = (
				7309A5412A2FD06A0042711E /* RimworldDocumentationBrowser.entitlements */,
				7383D2842A31754E00F9990A /* Info.plist */,
				7309A53B2A2FD0690042711E /* App.swift */,
				7309A53F2A2FD06A0042711E /* Assets.xcassets */,
				7377DA502A3272AA006D9F0B /* Extensions */,
				7309A5422A2FD06A0042711E /* Preview Content */,
				732D00BC2A325F26002057DE /* Views */,
				738248DB2A51FA8000DC1E6C /* Navigation.swift */,
			);
			path = RimworldDocumentationBrowser;
			sourceTree = "<group>";
		};
		7309A5422A2FD06A0042711E /* Preview Content */ = {
			isa = PBXGroup;
			children = (
				7309A5432A2FD06A0042711E /* Preview Assets.xcassets */,
			);
			path = "Preview Content";
			sourceTree = "<group>";
		};
		732D00BC2A325F26002057DE /* Views */ = {
			isa = PBXGroup;
			children = (
				73DF19412A317BBB0034EDB2 /* ClassesPage.swift */,
				7309A53D2A2FD0690042711E /* ContentView.swift */,
				739E0B7C2A3177A000E27165 /* MetadataPage.swift */,
				738BC6FB2A317A2D009562AE /* ModulesPage.swift */,
				7313258C2A3184CB0098467C /* TagsPage.swift */,
			);
			path = Views;
			sourceTree = "<group>";
		};
		7377DA502A3272AA006D9F0B /* Extensions */ = {
			isa = PBXGroup;
			children = (
				7377DA512A3272B2006D9F0B /* String+.swift */,
			);
			path = Extensions;
			sourceTree = "<group>";
		};
		7383D27C2A316EE800F9990A /* Frameworks */ = {
			isa = PBXGroup;
			children = (
			);
			name = Frameworks;
			sourceTree = "<group>";
		};
/* End PBXGroup section */

/* Begin PBXNativeTarget section */
		7309A5372A2FD0690042711E /* RimworldDocumentationBrowser */ = {
			isa = PBXNativeTarget;
			buildConfigurationList = 7309A5472A2FD06A0042711E /* Build configuration list for PBXNativeTarget "RimworldDocumentationBrowser" */;
			buildPhases = (
				7309A5342A2FD0690042711E /* Sources */,
				7309A5352A2FD0690042711E /* Frameworks */,
				7309A5362A2FD0690042711E /* Resources */,
			);
			buildRules = (
			);
			dependencies = (
			);
			name = RimworldDocumentationBrowser;
			packageProductDependencies = (
				738248E62A5205D500DC1E6C /* RimworldDocumentationKit */,
			);
			productName = RimworldDocumentationBrowser;
			productReference = 7309A5382A2FD0690042711E /* RimworldDocumentationBrowser.app */;
			productType = "com.apple.product-type.application";
		};
/* End PBXNativeTarget section */

/* Begin PBXProject section */
		7309A5302A2FD0690042711E /* Project object */ = {
			isa = PBXProject;
			attributes = {
				BuildIndependentTargetsInParallel = 1;
				LastSwiftUpdateCheck = 1500;
				LastUpgradeCheck = 1500;
				TargetAttributes = {
					7309A5372A2FD0690042711E = {
						CreatedOnToolsVersion = 15.0;
					};
				};
			};
			buildConfigurationList = 7309A5332A2FD0690042711E /* Build configuration list for PBXProject "RimworldDocumentationBrowser" */;
			compatibilityVersion = "Xcode 14.0";
			developmentRegion = en;
			hasScannedForEncodings = 0;
			knownRegions = (
				en,
				Base,
			);
			mainGroup = 7309A52F2A2FD0690042711E;
			productRefGroup = 7309A5392A2FD0690042711E /* Products */;
			projectDirPath = "";
			projectRoot = "";
			targets = (
				7309A5372A2FD0690042711E /* RimworldDocumentationBrowser */,
			);
		};
/* End PBXProject section */

/* Begin PBXResourcesBuildPhase section */
		7309A5362A2FD0690042711E /* Resources */ = {
			isa = PBXResourcesBuildPhase;
			buildActionMask = 2147483647;
			files = (
				7309A5442A2FD06A0042711E /* Preview Assets.xcassets in Resources */,
				7309A5402A2FD06A0042711E /* Assets.xcassets in Resources */,
				738248E52A5205CD00DC1E6C /* RimworldDocumentationKit in Resources */,
			);
			runOnlyForDeploymentPostprocessing = 0;
		};
/* End PBXResourcesBuildPhase section */

/* Begin PBXSourcesBuildPhase section */
		7309A5342A2FD0690042711E /* Sources */ = {
			isa = PBXSourcesBuildPhase;
			buildActionMask = 2147483647;
			files = (
				738BC6FC2A317A2D009562AE /* ModulesPage.swift in Sources */,
				7309A53E2A2FD0690042711E /* ContentView.swift in Sources */,
				7309A53C2A2FD0690042711E /* App.swift in Sources */,
				73DF19422A317BBB0034EDB2 /* ClassesPage.swift in Sources */,
				7313258D2A3184CB0098467C /* TagsPage.swift in Sources */,
				738248DC2A51FA8000DC1E6C /* Navigation.swift in Sources */,
				7377DA522A3272B2006D9F0B /* String+.swift in Sources */,
				739E0B7D2A3177A000E27165 /* MetadataPage.swift in Sources */,
			);
			runOnlyForDeploymentPostprocessing = 0;
		};
/* End PBXSourcesBuildPhase section */

/* Begin XCBuildConfiguration section */
		7309A5452A2FD06A0042711E /* Debug */ = {
			isa = XCBuildConfiguration;
			buildSettings = {
				ALWAYS_SEARCH_USER_PATHS = NO;
				ASSETCATALOG_COMPILER_GENERATE_SWIFT_ASSET_SYMBOL_EXTENSIONS = YES;
				CLANG_ANALYZER_NONNULL = YES;
				CLANG_ANALYZER_NUMBER_OBJECT_CONVERSION = YES_AGGRESSIVE;
				CLANG_CXX_LANGUAGE_STANDARD = "gnu++20";
				CLANG_ENABLE_MODULES = YES;
				CLANG_ENABLE_OBJC_ARC = YES;
				CLANG_ENABLE_OBJC_WEAK = YES;
				CLANG_WARN_BLOCK_CAPTURE_AUTORELEASING = YES;
				CLANG_WARN_BOOL_CONVERSION = YES;
				CLANG_WARN_COMMA = YES;
				CLANG_WARN_CONSTANT_CONVERSION = YES;
				CLANG_WARN_DEPRECATED_OBJC_IMPLEMENTATIONS = YES;
				CLANG_WARN_DIRECT_OBJC_ISA_USAGE = YES_ERROR;
				CLANG_WARN_DOCUMENTATION_COMMENTS = YES;
				CLANG_WARN_EMPTY_BODY = YES;
				CLANG_WARN_ENUM_CONVERSION = YES;
				CLANG_WARN_INFINITE_RECURSION = YES;
				CLANG_WARN_INT_CONVERSION = YES;
				CLANG_WARN_NON_LITERAL_NULL_CONVERSION = YES;
				CLANG_WARN_OBJC_IMPLICIT_RETAIN_SELF = YES;
				CLANG_WARN_OBJC_LITERAL_CONVERSION = YES;
				CLANG_WARN_OBJC_ROOT_CLASS = YES_ERROR;
				CLANG_WARN_QUOTED_INCLUDE_IN_FRAMEWORK_HEADER = YES;
				CLANG_WARN_RANGE_LOOP_ANALYSIS = YES;
				CLANG_WARN_STRICT_PROTOTYPES = YES;
				CLANG_WARN_SUSPICIOUS_MOVE = YES;
				CLANG_WARN_UNGUARDED_AVAILABILITY = YES_AGGRESSIVE;
				CLANG_WARN_UNREACHABLE_CODE = YES;
				CLANG_WARN__DUPLICATE_METHOD_MATCH = YES;
				COPY_PHASE_STRIP = NO;
				DEBUG_INFORMATION_FORMAT = dwarf;
				ENABLE_STRICT_OBJC_MSGSEND = YES;
				ENABLE_TESTABILITY = YES;
				ENABLE_USER_SCRIPT_SANDBOXING = YES;
				GCC_C_LANGUAGE_STANDARD = gnu17;
				GCC_DYNAMIC_NO_PIC = NO;
				GCC_NO_COMMON_BLOCKS = YES;
				GCC_OPTIMIZATION_LEVEL = 0;
				GCC_PREPROCESSOR_DEFINITIONS = (
					"DEBUG=1",
					"$(inherited)",
				);
				GCC_WARN_64_TO_32_BIT_CONVERSION = YES;
				GCC_WARN_ABOUT_RETURN_TYPE = YES_ERROR;
				GCC_WARN_UNDECLARED_SELECTOR = YES;
				GCC_WARN_UNINITIALIZED_AUTOS = YES_AGGRESSIVE;
				GCC_WARN_UNUSED_FUNCTION = YES;
				GCC_WARN_UNUSED_VARIABLE = YES;
				LOCALIZATION_PREFERS_STRING_CATALOGS = YES;
				MTL_ENABLE_DEBUG_INFO = INCLUDE_SOURCE;
				MTL_FAST_MATH = YES;
				ONLY_ACTIVE_ARCH = YES;
				SWIFT_ACTIVE_COMPILATION_CONDITIONS = "DEBUG $(inherited)";
				SWIFT_OPTIMIZATION_LEVEL = "-Onone";
			};
			name = Debug;
		};
		7309A5462A2FD06A0042711E /* Release */ = {
			isa = XCBuildConfiguration;
			buildSettings = {
				ALWAYS_SEARCH_USER_PATHS = NO;
				ASSETCATALOG_COMPILER_GENERATE_SWIFT_ASSET_SYMBOL_EXTENSIONS = YES;
				CLANG_ANALYZER_NONNULL = YES;
				CLANG_ANALYZER_NUMBER_OBJECT_CONVERSION = YES_AGGRESSIVE;
				CLANG_CXX_LANGUAGE_STANDARD = "gnu++20";
				CLANG_ENABLE_MODULES = YES;
				CLANG_ENABLE_OBJC_ARC = YES;
				CLANG_ENABLE_OBJC_WEAK = YES;
				CLANG_WARN_BLOCK_CAPTURE_AUTORELEASING = YES;
				CLANG_WARN_BOOL_CONVERSION = YES;
				CLANG_WARN_COMMA = YES;
				CLANG_WARN_CONSTANT_CONVERSION = YES;
				CLANG_WARN_DEPRECATED_OBJC_IMPLEMENTATIONS = YES;
				CLANG_WARN_DIRECT_OBJC_ISA_USAGE = YES_ERROR;
				CLANG_WARN_DOCUMENTATION_COMMENTS = YES;
				CLANG_WARN_EMPTY_BODY = YES;
				CLANG_WARN_ENUM_CONVERSION = YES;
				CLANG_WARN_INFINITE_RECURSION = YES;
				CLANG_WARN_INT_CONVERSION = YES;
				CLANG_WARN_NON_LITERAL_NULL_CONVERSION = YES;
				CLANG_WARN_OBJC_IMPLICIT_RETAIN_SELF = YES;
				CLANG_WARN_OBJC_LITERAL_CONVERSION = YES;
				CLANG_WARN_OBJC_ROOT_CLASS = YES_ERROR;
				CLANG_WARN_QUOTED_INCLUDE_IN_FRAMEWORK_HEADER = YES;
				CLANG_WARN_RANGE_LOOP_ANALYSIS = YES;
				CLANG_WARN_STRICT_PROTOTYPES = YES;
				CLANG_WARN_SUSPICIOUS_MOVE = YES;
				CLANG_WARN_UNGUARDED_AVAILABILITY = YES_AGGRESSIVE;
				CLANG_WARN_UNREACHABLE_CODE = YES;
				CLANG_WARN__DUPLICATE_METHOD_MATCH = YES;
				COPY_PHASE_STRIP = NO;
				DEBUG_INFORMATION_FORMAT = "dwarf-with-dsym";
				ENABLE_NS_ASSERTIONS = NO;
				ENABLE_STRICT_OBJC_MSGSEND = YES;
				ENABLE_USER_SCRIPT_SANDBOXING = YES;
				GCC_C_LANGUAGE_STANDARD = gnu17;
				GCC_NO_COMMON_BLOCKS = YES;
				GCC_WARN_64_TO_32_BIT_CONVERSION = YES;
				GCC_WARN_ABOUT_RETURN_TYPE = YES_ERROR;
				GCC_WARN_UNDECLARED_SELECTOR = YES;
				GCC_WARN_UNINITIALIZED_AUTOS = YES_AGGRESSIVE;
				GCC_WARN_UNUSED_FUNCTION = YES;
				GCC_WARN_UNUSED_VARIABLE = YES;
				LOCALIZATION_PREFERS_STRING_CATALOGS = YES;
				MTL_ENABLE_DEBUG_INFO = NO;
				MTL_FAST_MATH = YES;
				SWIFT_COMPILATION_MODE = wholemodule;
			};
			name = Release;
		};
		7309A5482A2FD06A0042711E /* Debug */ = {
			isa = XCBuildConfiguration;
			buildSettings = {
				ASSETCATALOG_COMPILER_APPICON_NAME = AppIcon;
				ASSETCATALOG_COMPILER_GLOBAL_ACCENT_COLOR_NAME = AccentColor;
				CODE_SIGN_ENTITLEMENTS = RimworldDocumentationBrowser/RimworldDocumentationBrowser.entitlements;
				CODE_SIGN_STYLE = Automatic;
				CURRENT_PROJECT_VERSION = 1;
				DEVELOPMENT_ASSET_PATHS = "\"RimworldDocumentationBrowser/Preview Content\"";
				DEVELOPMENT_TEAM = ULLNL4MHTP;
				ENABLE_HARDENED_RUNTIME = YES;
				ENABLE_PREVIEWS = YES;
				GENERATE_INFOPLIST_FILE = YES;
				INFOPLIST_FILE = RimworldDocumentationBrowser/Info.plist;
				INFOPLIST_KEY_CFBundleDisplayName = "Rimworld Documentation Browser";
				INFOPLIST_KEY_LSApplicationCategoryType = "public.app-category.developer-tools";
				"INFOPLIST_KEY_UIApplicationSceneManifest_Generation[sdk=iphoneos*]" = YES;
				"INFOPLIST_KEY_UIApplicationSceneManifest_Generation[sdk=iphonesimulator*]" = YES;
				"INFOPLIST_KEY_UIApplicationSupportsIndirectInputEvents[sdk=iphoneos*]" = YES;
				"INFOPLIST_KEY_UIApplicationSupportsIndirectInputEvents[sdk=iphonesimulator*]" = YES;
				"INFOPLIST_KEY_UILaunchScreen_Generation[sdk=iphoneos*]" = YES;
				"INFOPLIST_KEY_UILaunchScreen_Generation[sdk=iphonesimulator*]" = YES;
				"INFOPLIST_KEY_UIStatusBarStyle[sdk=iphoneos*]" = UIStatusBarStyleDefault;
				"INFOPLIST_KEY_UIStatusBarStyle[sdk=iphonesimulator*]" = UIStatusBarStyleDefault;
				INFOPLIST_KEY_UISupportedInterfaceOrientations_iPad = "UIInterfaceOrientationPortrait UIInterfaceOrientationPortraitUpsideDown UIInterfaceOrientationLandscapeLeft UIInterfaceOrientationLandscapeRight";
				INFOPLIST_KEY_UISupportedInterfaceOrientations_iPhone = "UIInterfaceOrientationPortrait UIInterfaceOrientationLandscapeLeft UIInterfaceOrientationLandscapeRight";
				IPHONEOS_DEPLOYMENT_TARGET = 17.0;
				LD_RUNPATH_SEARCH_PATHS = "@executable_path/Frameworks";
				"LD_RUNPATH_SEARCH_PATHS[sdk=macosx*]" = "@executable_path/../Frameworks";
				MACOSX_DEPLOYMENT_TARGET = 14.0;
				MARKETING_VERSION = 1.0;
				PRODUCT_BUNDLE_IDENTIFIER = com.lancelotbronner.RimworldDocumentationBrowser;
				PRODUCT_NAME = "$(TARGET_NAME)";
				SDKROOT = auto;
				SUPPORTED_PLATFORMS = "iphoneos iphonesimulator macosx";
				SWIFT_EMIT_LOC_STRINGS = YES;
				SWIFT_VERSION = 5.0;
				TARGETED_DEVICE_FAMILY = "1,2";
			};
			name = Debug;
		};
		7309A5492A2FD06A0042711E /* Release */ = {
			isa = XCBuildConfiguration;
			buildSettings = {
				ASSETCATALOG_COMPILER_APPICON_NAME = AppIcon;
				ASSETCATALOG_COMPILER_GLOBAL_ACCENT_COLOR_NAME = AccentColor;
				CODE_SIGN_ENTITLEMENTS = RimworldDocumentationBrowser/RimworldDocumentationBrowser.entitlements;
				CODE_SIGN_STYLE = Automatic;
				CURRENT_PROJECT_VERSION = 1;
				DEVELOPMENT_ASSET_PATHS = "\"RimworldDocumentationBrowser/Preview Content\"";
				DEVELOPMENT_TEAM = ULLNL4MHTP;
				ENABLE_HARDENED_RUNTIME = YES;
				ENABLE_PREVIEWS = YES;
				GENERATE_INFOPLIST_FILE = YES;
				INFOPLIST_FILE = RimworldDocumentationBrowser/Info.plist;
				INFOPLIST_KEY_CFBundleDisplayName = "Rimworld Documentation Browser";
				INFOPLIST_KEY_LSApplicationCategoryType = "public.app-category.developer-tools";
				"INFOPLIST_KEY_UIApplicationSceneManifest_Generation[sdk=iphoneos*]" = YES;
				"INFOPLIST_KEY_UIApplicationSceneManifest_Generation[sdk=iphonesimulator*]" = YES;
				"INFOPLIST_KEY_UIApplicationSupportsIndirectInputEvents[sdk=iphoneos*]" = YES;
				"INFOPLIST_KEY_UIApplicationSupportsIndirectInputEvents[sdk=iphonesimulator*]" = YES;
				"INFOPLIST_KEY_UILaunchScreen_Generation[sdk=iphoneos*]" = YES;
				"INFOPLIST_KEY_UILaunchScreen_Generation[sdk=iphonesimulator*]" = YES;
				"INFOPLIST_KEY_UIStatusBarStyle[sdk=iphoneos*]" = UIStatusBarStyleDefault;
				"INFOPLIST_KEY_UIStatusBarStyle[sdk=iphonesimulator*]" = UIStatusBarStyleDefault;
				INFOPLIST_KEY_UISupportedInterfaceOrientations_iPad = "UIInterfaceOrientationPortrait UIInterfaceOrientationPortraitUpsideDown UIInterfaceOrientationLandscapeLeft UIInterfaceOrientationLandscapeRight";
				INFOPLIST_KEY_UISupportedInterfaceOrientations_iPhone = "UIInterfaceOrientationPortrait UIInterfaceOrientationLandscapeLeft UIInterfaceOrientationLandscapeRight";
				IPHONEOS_DEPLOYMENT_TARGET = 17.0;
				LD_RUNPATH_SEARCH_PATHS = "@executable_path/Frameworks";
				"LD_RUNPATH_SEARCH_PATHS[sdk=macosx*]" = "@executable_path/../Frameworks";
				MACOSX_DEPLOYMENT_TARGET = 14.0;
				MARKETING_VERSION = 1.0;
				PRODUCT_BUNDLE_IDENTIFIER = com.lancelotbronner.RimworldDocumentationBrowser;
				PRODUCT_NAME = "$(TARGET_NAME)";
				SDKROOT = auto;
				SUPPORTED_PLATFORMS = "iphoneos iphonesimulator macosx";
				SWIFT_EMIT_LOC_STRINGS = YES;
				SWIFT_VERSION = 5.0;
				TARGETED_DEVICE_FAMILY = "1,2";
			};
			name = Release;
		};
/* End XCBuildConfiguration section */

/* Begin XCConfigurationList section */
		7309A5332A2FD0690042711E /* Build configuration list for PBXProject "RimworldDocumentationBrowser" */ = {
			isa = XCConfigurationList;
			buildConfigurations = (
				7309A5452A2FD06A0042711E /* Debug */,
				7309A5462A2FD06A0042711E /* Release */,
			);
			defaultConfigurationIsVisible = 0;
			defaultConfigurationName = Release;
		};
		7309A5472A2FD06A0042711E /* Build configuration list for PBXNativeTarget "RimworldDocumentationBrowser" */ = {
			isa = XCConfigurationList;
			buildConfigurations = (
				7309A5482A2FD06A0042711E /* Debug */,
				7309A5492A2FD06A0042711E /* Release */,
			);
			defaultConfigurationIsVisible = 0;
			defaultConfigurationName = Release;
		};
/* End XCConfigurationList section */

/* Begin XCSwiftPackageProductDependency section */
		738248E62A5205D500DC1E6C /* RimworldDocumentationKit */ = {
			isa = XCSwiftPackageProductDependency;
			productName = RimworldDocumentationKit;
		};
/* End XCSwiftPackageProductDependency section */
	};
	rootObject = 7309A5302A2FD0690042711E /* Project object */;
}
